// !$*UTF8*$!
{
	archiveVersion = 1;
	classes = {
	};
	objectVersion = 77;
	objects = {

/* Begin PBXContainerItemProxy section */
		DB9020762CEBC79400EC77DB /* PBXContainerItemProxy */ = {
			isa = PBXContainerItemProxy;
			containerPortal = DB90205D2CEBC79200EC77DB /* Project object */;
			proxyType = 1;
			remoteGlobalIDString = DB9020642CEBC79200EC77DB;
			remoteInfo = "f24-finalProjTemp";
		};
		DB9020802CEBC79400EC77DB /* PBXContainerItemProxy */ = {
			isa = PBXContainerItemProxy;
			containerPortal = DB90205D2CEBC79200EC77DB /* Project object */;
			proxyType = 1;
			remoteGlobalIDString = DB9020642CEBC79200EC77DB;
			remoteInfo = "f24-finalProjTemp";
		};
/* End PBXContainerItemProxy section */

/* Begin PBXFileReference section */
		DB9020652CEBC79200EC77DB /* f24-finalProjTemp.app */ = {isa = PBXFileReference; explicitFileType = wrapper.application; includeInIndex = 0; path = "f24-finalProjTemp.app"; sourceTree = BUILT_PRODUCTS_DIR; };
		DB9020752CEBC79400EC77DB /* f24-finalProjTempTests.xctest */ = {isa = PBXFileReference; explicitFileType = wrapper.cfbundle; includeInIndex = 0; path = "f24-finalProjTempTests.xctest"; sourceTree = BUILT_PRODUCTS_DIR; };
		DB90207F2CEBC79400EC77DB /* f24-finalProjTempUITests.xctest */ = {isa = PBXFileReference; explicitFileType = wrapper.cfbundle; includeInIndex = 0; path = "f24-finalProjTempUITests.xctest"; sourceTree = BUILT_PRODUCTS_DIR; };
/* End PBXFileReference section */

/* Begin PBXFileSystemSynchronizedRootGroup section */
		DB9020672CEBC79200EC77DB /* f24-finalProjTemp */ = {
			isa = PBXFileSystemSynchronizedRootGroup;
			path = "f24-finalProjTemp";
			sourceTree = "<group>";
		};
		DB9020782CEBC79400EC77DB /* f24-finalProjTempTests */ = {
			isa = PBXFileSystemSynchronizedRootGroup;
			path = "f24-finalProjTempTests";
			sourceTree = "<group>";
		};
		DB9020822CEBC79400EC77DB /* f24-finalProjTempUITests */ = {
			isa = PBXFileSystemSynchronizedRootGroup;
			path = "f24-finalProjTempUITests";
			sourceTree = "<group>";
		};
/* End PBXFileSystemSynchronizedRootGroup section */

/* Begin PBXFrameworksBuildPhase section */
		DB9020622CEBC79200EC77DB /* Frameworks */ = {
			isa = PBXFrameworksBuildPhase;
			buildActionMask = 2147483647;
			files = (
			);
			runOnlyForDeploymentPostprocessing = 0;
		};
		DB9020722CEBC79400EC77DB /* Frameworks */ = {
			isa = PBXFrameworksBuildPhase;
			buildActionMask = 2147483647;
			files = (
			);
			runOnlyForDeploymentPostprocessing = 0;
		};
		DB90207C2CEBC79400EC77DB /* Frameworks */ = {
			isa = PBXFrameworksBuildPhase;
			buildActionMask = 2147483647;
			files = (
			);
			runOnlyForDeploymentPostprocessing = 0;
		};
/* End PBXFrameworksBuildPhase section */

/* Begin PBXGroup section */
		DB90205C2CEBC79200EC77DB = {
			isa = PBXGroup;
			children = (
				DB9020672CEBC79200EC77DB /* f24-finalProjTemp */,
				DB9020782CEBC79400EC77DB /* f24-finalProjTempTests */,
				DB9020822CEBC79400EC77DB /* f24-finalProjTempUITests */,
				DB9020662CEBC79200EC77DB /* Products */,
			);
			sourceTree = "<group>";
		};
		DB9020662CEBC79200EC77DB /* Products */ = {
			isa = PBXGroup;
			children = (
				DB9020652CEBC79200EC77DB /* f24-finalProjTemp.app */,
				DB9020752CEBC79400EC77DB /* f24-finalProjTempTests.xctest */,
				DB90207F2CEBC79400EC77DB /* f24-finalProjTempUITests.xctest */,
			);
			name = Products;
			sourceTree = "<group>";
		};
/* End PBXGroup section */

/* Begin PBXNativeTarget section */
		DB9020642CEBC79200EC77DB /* f24-finalProjTemp */ = {
			isa = PBXNativeTarget;
			buildConfigurationList = DB9020892CEBC79400EC77DB /* Build configuration list for PBXNativeTarget "f24-finalProjTemp" */;
			buildPhases = (
				DB9020612CEBC79200EC77DB /* Sources */,
				DB9020622CEBC79200EC77DB /* Frameworks */,
				DB9020632CEBC79200EC77DB /* Resources */,
			);
			buildRules = (
			);
			dependencies = (
			);
			fileSystemSynchronizedGroups = (
				DB9020672CEBC79200EC77DB /* f24-finalProjTemp */,
			);
			name = "f24-finalProjTemp";
			packageProductDependencies = (
			);
			productName = "f24-finalProjTemp";
			productReference = DB9020652CEBC79200EC77DB /* f24-finalProjTemp.app */;
			productType = "com.apple.product-type.application";
		};
		DB9020742CEBC79400EC77DB /* f24-finalProjTempTests */ = {
			isa = PBXNativeTarget;
			buildConfigurationList = DB90208C2CEBC79400EC77DB /* Build configuration list for PBXNativeTarget "f24-finalProjTempTests" */;
			buildPhases = (
				DB9020712CEBC79400EC77DB /* Sources */,
				DB9020722CEBC79400EC77DB /* Frameworks */,
				DB9020732CEBC79400EC77DB /* Resources */,
			);
			buildRules = (
			);
			dependencies = (
				DB9020772CEBC79400EC77DB /* PBXTargetDependency */,
			);
			fileSystemSynchronizedGroups = (
				DB9020782CEBC79400EC77DB /* f24-finalProjTempTests */,
			);
			name = "f24-finalProjTempTests";
			packageProductDependencies = (
			);
			productName = "f24-finalProjTempTests";
			productReference = DB9020752CEBC79400EC77DB /* f24-finalProjTempTests.xctest */;
			productType = "com.apple.product-type.bundle.unit-test";
		};
		DB90207E2CEBC79400EC77DB /* f24-finalProjTempUITests */ = {
			isa = PBXNativeTarget;
			buildConfigurationList = DB90208F2CEBC79400EC77DB /* Build configuration list for PBXNativeTarget "f24-finalProjTempUITests" */;
			buildPhases = (
				DB90207B2CEBC79400EC77DB /* Sources */,
				DB90207C2CEBC79400EC77DB /* Frameworks */,
				DB90207D2CEBC79400EC77DB /* Resources */,
			);
			buildRules = (
			);
			dependencies = (
				DB9020812CEBC79400EC77DB /* PBXTargetDependency */,
			);
			fileSystemSynchronizedGroups = (
				DB9020822CEBC79400EC77DB /* f24-finalProjTempUITests */,
			);
			name = "f24-finalProjTempUITests";
			packageProductDependencies = (
			);
			productName = "f24-finalProjTempUITests";
			productReference = DB90207F2CEBC79400EC77DB /* f24-finalProjTempUITests.xctest */;
			productType = "com.apple.product-type.bundle.ui-testing";
		};
/* End PBXNativeTarget section */

/* Begin PBXProject section */
		DB90205D2CEBC79200EC77DB /* Project object */ = {
			isa = PBXProject;
			attributes = {
				BuildIndependentTargetsInParallel = 1;
				LastSwiftUpdateCheck = 1600;
				LastUpgradeCheck = 1600;
				TargetAttributes = {
					DB9020642CEBC79200EC77DB = {
						CreatedOnToolsVersion = 16.0;
					};
					DB9020742CEBC79400EC77DB = {
						CreatedOnToolsVersion = 16.0;
						TestTargetID = DB9020642CEBC79200EC77DB;
					};
					DB90207E2CEBC79400EC77DB = {
						CreatedOnToolsVersion = 16.0;
						TestTargetID = DB9020642CEBC79200EC77DB;
					};
				};
			};
			buildConfigurationList = DB9020602CEBC79200EC77DB /* Build configuration list for PBXProject "f24-finalProjTemp" */;
			developmentRegion = en;
			hasScannedForEncodings = 0;
			knownRegions = (
				en,
				Base,
			);
			mainGroup = DB90205C2CEBC79200EC77DB;
			minimizedProjectReferenceProxies = 1;
			preferredProjectObjectVersion = 77;
			productRefGroup = DB9020662CEBC79200EC77DB /* Products */;
			projectDirPath = "";
			projectRoot = "";
			targets = (
				DB9020642CEBC79200EC77DB /* f24-finalProjTemp */,
				DB9020742CEBC79400EC77DB /* f24-finalProjTempTests */,
				DB90207E2CEBC79400EC77DB /* f24-finalProjTempUITests */,
			);
		};
/* End PBXProject section */

/* Begin PBXResourcesBuildPhase section */
		DB9020632CEBC79200EC77DB /* Resources */ = {
			isa = PBXResourcesBuildPhase;
			buildActionMask = 2147483647;
			files = (
			);
			runOnlyForDeploymentPostprocessing = 0;
		};
		DB9020732CEBC79400EC77DB /* Resources */ = {
			isa = PBXResourcesBuildPhase;
			buildActionMask = 2147483647;
			files = (
			);
			runOnlyForDeploymentPostprocessing = 0;
		};
		DB90207D2CEBC79400EC77DB /* Resources */ = {
			isa = PBXResourcesBuildPhase;
			buildActionMask = 2147483647;
			files = (
			);
			runOnlyForDeploymentPostprocessing = 0;
		};
/* End PBXResourcesBuildPhase section */

/* Begin PBXSourcesBuildPhase section */
		DB9020612CEBC79200EC77DB /* Sources */ = {
			isa = PBXSourcesBuildPhase;
			buildActionMask = 2147483647;
			files = (
			);
			runOnlyForDeploymentPostprocessing = 0;
		};
		DB9020712CEBC79400EC77DB /* Sources */ = {
			isa = PBXSourcesBuildPhase;
			buildActionMask = 2147483647;
			files = (
			);
			runOnlyForDeploymentPostprocessing = 0;
		};
		DB90207B2CEBC79400EC77DB /* Sources */ = {
			isa = PBXSourcesBuildPhase;
			buildActionMask = 2147483647;
			files = (
			);
			runOnlyForDeploymentPostprocessing = 0;
		};
/* End PBXSourcesBuildPhase section */

/* Begin PBXTargetDependency section */
		DB9020772CEBC79400EC77DB /* PBXTargetDependency */ = {
			isa = PBXTargetDependency;
			target = DB9020642CEBC79200EC77DB /* f24-finalProjTemp */;
			targetProxy = DB9020762CEBC79400EC77DB /* PBXContainerItemProxy */;
		};
		DB9020812CEBC79400EC77DB /* PBXTargetDependency */ = {
			isa = PBXTargetDependency;
			target = DB9020642CEBC79200EC77DB /* f24-finalProjTemp */;
			targetProxy = DB9020802CEBC79400EC77DB /* PBXContainerItemProxy */;
		};
/* End PBXTargetDependency section */

/* Begin XCBuildConfiguration section */
		DB9020872CEBC79400EC77DB /* Debug */ = {
			isa = XCBuildConfiguration;
			buildSettings = {
				ALWAYS_SEARCH_USER_PATHS = NO;
				ASSETCATALOG_COMPILER_GENERATE_SWIFT_ASSET_SYMBOL_EXTENSIONS = YES;
				CLANG_ANALYZER_NONNULL = YES;
				CLANG_ANALYZER_NUMBER_OBJECT_CONVERSION = YES_AGGRESSIVE;
				CLANG_CXX_LANGUAGE_STANDARD = "gnu++20";
				CLANG_ENABLE_MODULES = YES;
				CLANG_ENABLE_OBJC_ARC = YES;
				CLANG_ENABLE_OBJC_WEAK = YES;
				CLANG_WARN_BLOCK_CAPTURE_AUTORELEASING = YES;
				CLANG_WARN_BOOL_CONVERSION = YES;
				CLANG_WARN_COMMA = YES;
				CLANG_WARN_CONSTANT_CONVERSION = YES;
				CLANG_WARN_DEPRECATED_OBJC_IMPLEMENTATIONS = YES;
				CLANG_WARN_DIRECT_OBJC_ISA_USAGE = YES_ERROR;
				CLANG_WARN_DOCUMENTATION_COMMENTS = YES;
				CLANG_WARN_EMPTY_BODY = YES;
				CLANG_WARN_ENUM_CONVERSION = YES;
				CLANG_WARN_INFINITE_RECURSION = YES;
				CLANG_WARN_INT_CONVERSION = YES;
				CLANG_WARN_NON_LITERAL_NULL_CONVERSION = YES;
				CLANG_WARN_OBJC_IMPLICIT_RETAIN_SELF = YES;
				CLANG_WARN_OBJC_LITERAL_CONVERSION = YES;
				CLANG_WARN_OBJC_ROOT_CLASS = YES_ERROR;
				CLANG_WARN_QUOTED_INCLUDE_IN_FRAMEWORK_HEADER = YES;
				CLANG_WARN_RANGE_LOOP_ANALYSIS = YES;
				CLANG_WARN_STRICT_PROTOTYPES = YES;
				CLANG_WARN_SUSPICIOUS_MOVE = YES;
				CLANG_WARN_UNGUARDED_AVAILABILITY = YES_AGGRESSIVE;
				CLANG_WARN_UNREACHABLE_CODE = YES;
				CLANG_WARN__DUPLICATE_METHOD_MATCH = YES;
				COPY_PHASE_STRIP = NO;
				DEBUG_INFORMATION_FORMAT = dwarf;
				ENABLE_STRICT_OBJC_MSGSEND = YES;
				ENABLE_TESTABILITY = YES;
				ENABLE_USER_SCRIPT_SANDBOXING = YES;
				GCC_C_LANGUAGE_STANDARD = gnu17;
				GCC_DYNAMIC_NO_PIC = NO;
				GCC_NO_COMMON_BLOCKS = YES;
				GCC_OPTIMIZATION_LEVEL = 0;
				GCC_PREPROCESSOR_DEFINITIONS = (
					"DEBUG=1",
					"$(inherited)",
				);
				GCC_WARN_64_TO_32_BIT_CONVERSION = YES;
				GCC_WARN_ABOUT_RETURN_TYPE = YES_ERROR;
				GCC_WARN_UNDECLARED_SELECTOR = YES;
				GCC_WARN_UNINITIALIZED_AUTOS = YES_AGGRESSIVE;
				GCC_WARN_UNUSED_FUNCTION = YES;
				GCC_WARN_UNUSED_VARIABLE = YES;
				IPHONEOS_DEPLOYMENT_TARGET = 18.0;
				LOCALIZATION_PREFERS_STRING_CATALOGS = YES;
				MTL_ENABLE_DEBUG_INFO = INCLUDE_SOURCE;
				MTL_FAST_MATH = YES;
				ONLY_ACTIVE_ARCH = YES;
				SDKROOT = iphoneos;
				SWIFT_ACTIVE_COMPILATION_CONDITIONS = "DEBUG $(inherited)";
				SWIFT_OPTIMIZATION_LEVEL = "-Onone";
			};
			name = Debug;
		};
		DB9020882CEBC79400EC77DB /* Release */ = {
			isa = XCBuildConfiguration;
			buildSettings = {
				ALWAYS_SEARCH_USER_PATHS = NO;
				ASSETCATALOG_COMPILER_GENERATE_SWIFT_ASSET_SYMBOL_EXTENSIONS = YES;
				CLANG_ANALYZER_NONNULL = YES;
				CLANG_ANALYZER_NUMBER_OBJECT_CONVERSION = YES_AGGRESSIVE;
				CLANG_CXX_LANGUAGE_STANDARD = "gnu++20";
				CLANG_ENABLE_MODULES = YES;
				CLANG_ENABLE_OBJC_ARC = YES;
				CLANG_ENABLE_OBJC_WEAK = YES;
				CLANG_WARN_BLOCK_CAPTURE_AUTORELEASING = YES;
				CLANG_WARN_BOOL_CONVERSION = YES;
				CLANG_WARN_COMMA = YES;
				CLANG_WARN_CONSTANT_CONVERSION = YES;
				CLANG_WARN_DEPRECATED_OBJC_IMPLEMENTATIONS = YES;
				CLANG_WARN_DIRECT_OBJC_ISA_USAGE = YES_ERROR;
				CLANG_WARN_DOCUMENTATION_COMMENTS = YES;
				CLANG_WARN_EMPTY_BODY = YES;
				CLANG_WARN_ENUM_CONVERSION = YES;
				CLANG_WARN_INFINITE_RECURSION = YES;
				CLANG_WARN_INT_CONVERSION = YES;
				CLANG_WARN_NON_LITERAL_NULL_CONVERSION = YES;
				CLANG_WARN_OBJC_IMPLICIT_RETAIN_SELF = YES;
				CLANG_WARN_OBJC_LITERAL_CONVERSION = YES;
				CLANG_WARN_OBJC_ROOT_CLASS = YES_ERROR;
				CLANG_WARN_QUOTED_INCLUDE_IN_FRAMEWORK_HEADER = YES;
				CLANG_WARN_RANGE_LOOP_ANALYSIS = YES;
				CLANG_WARN_STRICT_PROTOTYPES = YES;
				CLANG_WARN_SUSPICIOUS_MOVE = YES;
				CLANG_WARN_UNGUARDED_AVAILABILITY = YES_AGGRESSIVE;
				CLANG_WARN_UNREACHABLE_CODE = YES;
				CLANG_WARN__DUPLICATE_METHOD_MATCH = YES;
				COPY_PHASE_STRIP = NO;
				DEBUG_INFORMATION_FORMAT = "dwarf-with-dsym";
				ENABLE_NS_ASSERTIONS = NO;
				ENABLE_STRICT_OBJC_MSGSEND = YES;
				ENABLE_USER_SCRIPT_SANDBOXING = YES;
				GCC_C_LANGUAGE_STANDARD = gnu17;
				GCC_NO_COMMON_BLOCKS = YES;
				GCC_WARN_64_TO_32_BIT_CONVERSION = YES;
				GCC_WARN_ABOUT_RETURN_TYPE = YES_ERROR;
				GCC_WARN_UNDECLARED_SELECTOR = YES;
				GCC_WARN_UNINITIALIZED_AUTOS = YES_AGGRESSIVE;
				GCC_WARN_UNUSED_FUNCTION = YES;
				GCC_WARN_UNUSED_VARIABLE = YES;
				IPHONEOS_DEPLOYMENT_TARGET = 18.0;
				LOCALIZATION_PREFERS_STRING_CATALOGS = YES;
				MTL_ENABLE_DEBUG_INFO = NO;
				MTL_FAST_MATH = YES;
				SDKROOT = iphoneos;
				SWIFT_COMPILATION_MODE = wholemodule;
				VALIDATE_PRODUCT = YES;
			};
			name = Release;
		};
		DB90208A2CEBC79400EC77DB /* Debug */ = {
			isa = XCBuildConfiguration;
			buildSettings = {
				ASSETCATALOG_COMPILER_APPICON_NAME = AppIcon;
				ASSETCATALOG_COMPILER_GLOBAL_ACCENT_COLOR_NAME = AccentColor;
				CODE_SIGN_STYLE = Automatic;
				CURRENT_PROJECT_VERSION = 1;
				DEVELOPMENT_ASSET_PATHS = "\"f24-finalProjTemp/Preview Content\"";
				ENABLE_PREVIEWS = YES;
				GENERATE_INFOPLIST_FILE = YES;
				INFOPLIST_KEY_UIApplicationSceneManifest_Generation = YES;
				INFOPLIST_KEY_UIApplicationSupportsIndirectInputEvents = YES;
				INFOPLIST_KEY_UILaunchScreen_Generation = YES;
				INFOPLIST_KEY_UISupportedInterfaceOrientations_iPad = "UIInterfaceOrientationPortrait UIInterfaceOrientationPortraitUpsideDown UIInterfaceOrientationLandscapeLeft UIInterfaceOrientationLandscapeRight";
				INFOPLIST_KEY_UISupportedInterfaceOrientations_iPhone = "UIInterfaceOrientationPortrait UIInterfaceOrientationLandscapeLeft UIInterfaceOrientationLandscapeRight";
				LD_RUNPATH_SEARCH_PATHS = (
					"$(inherited)",
					"@executable_path/Frameworks",
				);
				MARKETING_VERSION = 1.0;
				PRODUCT_BUNDLE_IDENTIFIER = "AppTeam.f24-finalProjTemp";
				PRODUCT_NAME = "$(TARGET_NAME)";
				SWIFT_EMIT_LOC_STRINGS = YES;
				SWIFT_VERSION = 5.0;
				TARGETED_DEVICE_FAMILY = "1,2";
			};
			name = Debug;
		};
		DB90208B2CEBC79400EC77DB /* Release */ = {
			isa = XCBuildConfiguration;
			buildSettings = {
				ASSETCATALOG_COMPILER_APPICON_NAME = AppIcon;
				ASSETCATALOG_COMPILER_GLOBAL_ACCENT_COLOR_NAME = AccentColor;
				CODE_SIGN_STYLE = Automatic;
				CURRENT_PROJECT_VERSION = 1;
				DEVELOPMENT_ASSET_PATHS = "\"f24-finalProjTemp/Preview Content\"";
				ENABLE_PREVIEWS = YES;
				GENERATE_INFOPLIST_FILE = YES;
				INFOPLIST_KEY_UIApplicationSceneManifest_Generation = YES;
				INFOPLIST_KEY_UIApplicationSupportsIndirectInputEvents = YES;
				INFOPLIST_KEY_UILaunchScreen_Generation = YES;
				INFOPLIST_KEY_UISupportedInterfaceOrientations_iPad = "UIInterfaceOrientationPortrait UIInterfaceOrientationPortraitUpsideDown UIInterfaceOrientationLandscapeLeft UIInterfaceOrientationLandscapeRight";
				INFOPLIST_KEY_UISupportedInterfaceOrientations_iPhone = "UIInterfaceOrientationPortrait UIInterfaceOrientationLandscapeLeft UIInterfaceOrientationLandscapeRight";
				LD_RUNPATH_SEARCH_PATHS = (
					"$(inherited)",
					"@executable_path/Frameworks",
				);
				MARKETING_VERSION = 1.0;
				PRODUCT_BUNDLE_IDENTIFIER = "AppTeam.f24-finalProjTemp";
				PRODUCT_NAME = "$(TARGET_NAME)";
				SWIFT_EMIT_LOC_STRINGS = YES;
				SWIFT_VERSION = 5.0;
				TARGETED_DEVICE_FAMILY = "1,2";
			};
			name = Release;
		};
		DB90208D2CEBC79400EC77DB /* Debug */ = {
			isa = XCBuildConfiguration;
			buildSettings = {
				BUNDLE_LOADER = "$(TEST_HOST)";
				CODE_SIGN_STYLE = Automatic;
				CURRENT_PROJECT_VERSION = 1;
				GENERATE_INFOPLIST_FILE = YES;
				IPHONEOS_DEPLOYMENT_TARGET = 18.0;
				MARKETING_VERSION = 1.0;
				PRODUCT_BUNDLE_IDENTIFIER = "AppTeam.f24-finalProjTempTests";
				PRODUCT_NAME = "$(TARGET_NAME)";
				SWIFT_EMIT_LOC_STRINGS = NO;
				SWIFT_VERSION = 5.0;
				TARGETED_DEVICE_FAMILY = "1,2";
				TEST_HOST = "$(BUILT_PRODUCTS_DIR)/f24-finalProjTemp.app/$(BUNDLE_EXECUTABLE_FOLDER_PATH)/f24-finalProjTemp";
			};
			name = Debug;
		};
		DB90208E2CEBC79400EC77DB /* Release */ = {
			isa = XCBuildConfiguration;
			buildSettings = {
				BUNDLE_LOADER = "$(TEST_HOST)";
				CODE_SIGN_STYLE = Automatic;
				CURRENT_PROJECT_VERSION = 1;
				GENERATE_INFOPLIST_FILE = YES;
				IPHONEOS_DEPLOYMENT_TARGET = 18.0;
				MARKETING_VERSION = 1.0;
				PRODUCT_BUNDLE_IDENTIFIER = "AppTeam.f24-finalProjTempTests";
				PRODUCT_NAME = "$(TARGET_NAME)";
				SWIFT_EMIT_LOC_STRINGS = NO;
				SWIFT_VERSION = 5.0;
				TARGETED_DEVICE_FAMILY = "1,2";
				TEST_HOST = "$(BUILT_PRODUCTS_DIR)/f24-finalProjTemp.app/$(BUNDLE_EXECUTABLE_FOLDER_PATH)/f24-finalProjTemp";
			};
			name = Release;
		};
		DB9020902CEBC79400EC77DB /* Debug */ = {
			isa = XCBuildConfiguration;
			buildSettings = {
				CODE_SIGN_STYLE = Automatic;
				CURRENT_PROJECT_VERSION = 1;
				GENERATE_INFOPLIST_FILE = YES;
				MARKETING_VERSION = 1.0;
				PRODUCT_BUNDLE_IDENTIFIER = "AppTeam.f24-finalProjTempUITests";
				PRODUCT_NAME = "$(TARGET_NAME)";
				SWIFT_EMIT_LOC_STRINGS = NO;
				SWIFT_VERSION = 5.0;
				TARGETED_DEVICE_FAMILY = "1,2";
				TEST_TARGET_NAME = "f24-finalProjTemp";
			};
			name = Debug;
		};
		DB9020912CEBC79400EC77DB /* Release */ = {
			isa = XCBuildConfiguration;
			buildSettings = {
				CODE_SIGN_STYLE = Automatic;
				CURRENT_PROJECT_VERSION = 1;
				GENERATE_INFOPLIST_FILE = YES;
				MARKETING_VERSION = 1.0;
				PRODUCT_BUNDLE_IDENTIFIER = "AppTeam.f24-finalProjTempUITests";
				PRODUCT_NAME = "$(TARGET_NAME)";
				SWIFT_EMIT_LOC_STRINGS = NO;
				SWIFT_VERSION = 5.0;
				TARGETED_DEVICE_FAMILY = "1,2";
				TEST_TARGET_NAME = "f24-finalProjTemp";
			};
			name = Release;
		};
/* End XCBuildConfiguration section */

/* Begin XCConfigurationList section */
		DB9020602CEBC79200EC77DB /* Build configuration list for PBXProject "f24-finalProjTemp" */ = {
			isa = XCConfigurationList;
			buildConfigurations = (
				DB9020872CEBC79400EC77DB /* Debug */,
				DB9020882CEBC79400EC77DB /* Release */,
			);
			defaultConfigurationIsVisible = 0;
			defaultConfigurationName = Release;
		};
		DB9020892CEBC79400EC77DB /* Build configuration list for PBXNativeTarget "f24-finalProjTemp" */ = {
			isa = XCConfigurationList;
			buildConfigurations = (
				DB90208A2CEBC79400EC77DB /* Debug */,
				DB90208B2CEBC79400EC77DB /* Release */,
			);
			defaultConfigurationIsVisible = 0;
			defaultConfigurationName = Release;
		};
		DB90208C2CEBC79400EC77DB /* Build configuration list for PBXNativeTarget "f24-finalProjTempTests" */ = {
			isa = XCConfigurationList;
			buildConfigurations = (
				DB90208D2CEBC79400EC77DB /* Debug */,
				DB90208E2CEBC79400EC77DB /* Release */,
			);
			defaultConfigurationIsVisible = 0;
			defaultConfigurationName = Release;
		};
		DB90208F2CEBC79400EC77DB /* Build configuration list for PBXNativeTarget "f24-finalProjTempUITests" */ = {
			isa = XCConfigurationList;
			buildConfigurations = (
				DB9020902CEBC79400EC77DB /* Debug */,
				DB9020912CEBC79400EC77DB /* Release */,
			);
			defaultConfigurationIsVisible = 0;
			defaultConfigurationName = Release;
		};
/* End XCConfigurationList section */
	};
	rootObject = DB90205D2CEBC79200EC77DB /* Project object */;
}
